[root]
name = "task5"
version = "0.1.0"
dependencies = [
 "GSL 0.4.31 (registry+https://github.com/rust-lang/crates.io-index)",
 "gnuplot 0.0.22 (registry+https://github.com/rust-lang/crates.io-index)",
 "interp_util 0.1.0",
]

[[package]]
name = "GSL"
version = "0.4.31"
source = "registry+https://github.com/rust-lang/crates.io-index"
dependencies = [
 "c_vec 1.0.12 (registry+https://github.com/rust-lang/crates.io-index)",
 "libc 0.2.23 (registry+https://github.com/rust-lang/crates.io-index)",
 "pkg-config 0.3.9 (registry+https://github.com/rust-lang/crates.io-index)",
]

[[package]]
name = "c_vec"
version = "1.0.12"
source = "registry+https://github.com/rust-lang/crates.io-index"

[[package]]
name = "gnuplot"
version = "0.0.22"
source = "registry+https://github.com/rust-lang/crates.io-index"

[[package]]
name = "interp_util"
version = "0.1.0"

[[package]]
name = "libc"
version = "0.2.23"
source = "registry+https://github.com/rust-lang/crates.io-index"

[[package]]
name = "pkg-config"
version = "0.3.9"
source = "registry+https://github.com/rust-lang/crates.io-index"

[metadata]
"checksum GSL 0.4.31 (registry+https://github.com/rust-lang/crates.io-index)" = "388d3537d3035cb81a71031cd5aeabd83fe8be3a07efc856e4aa67823ac55939"
"checksum c_vec 1.0.12 (registry+https://github.com/rust-lang/crates.io-index)" = "aa9e1d9f7d49e289f36f19effbf3d5a5e30163ecf9c7a3c9be94d5374dec5b9a"
"checksum gnuplot 0.0.22 (registry+https://github.com/rust-lang/crates.io-index)" = "c37cb0149f34c62e6d0c5bf9a8c37ff8ff9d9f588ccff2aa76bd247c7ebbef97"
"checksum libc 0.2.23 (registry+https://github.com/rust-lang/crates.io-index)" = "e7eb6b826bfc1fdea7935d46556250d1799b7fe2d9f7951071f4291710665e3e"
"checksum pkg-config 0.3.9 (registry+https://github.com/rust-lang/crates.io-index)" = "3a8b4c6b8165cd1a1cd4b9b120978131389f64bdaf456435caa41e630edba903"
